
Microsoft Visual Studio Solution File, Format Version 12.00
# Visual Studio Version 17
VisualStudioVersion = 17.12.35323.107
MinimumVisualStudioVersion = 10.0.40219.1
Project("{FAE04EC0-301F-11D3-BF4B-00C04F79EFBC}") = "ToDoList", "Samples\ToDoList.csproj", "{9BA32FA5-3C28-48F7-80B7-F1773941CC2A}"
EndProject
Project("{FAE04EC0-301F-11D3-BF4B-00C04F79EFBC}") = "ConsoleApp1", "ConsoleApp1\ConsoleApp1.csproj", "{79CFE1A0-0D24-49DB-89DC-7A27F1E816D7}"
EndProject
Project("{FAE04EC0-301F-11D3-BF4B-00C04F79EFBC}") = "ToDoList.Core", "ToDoList.Core\ToDoList.Core.csproj", "{6B1E9E6D-E557-4E84-AE14-482C972963BF}"
EndProject
Project("{FAE04EC0-301F-11D3-BF4B-00C04F79EFBC}") = "WebApplication2", "WebApplication2\WebApplication2.csproj", "{D6428EE7-6028-476B-BCAB-A0DF52653B87}"
EndProject
Global
	GlobalSection(SolutionConfigurationPlatforms) = preSolution
		Debug|Any CPU = Debug|Any CPU
		Release|Any CPU = Release|Any CPU
	EndGlobalSection
	GlobalSection(ProjectConfigurationPlatforms) = postSolution
		{9BA32FA5-3C28-48F7-80B7-F1773941CC2A}.Debug|Any CPU.ActiveCfg = Debug|Any CPU
		{9BA32FA5-3C28-48F7-80B7-F1773941CC2A}.Debug|Any CPU.Build.0 = Debug|Any CPU
		{9BA32FA5-3C28-48F7-80B7-F1773941CC2A}.Release|Any CPU.ActiveCfg = Release|Any CPU
		{9BA32FA5-3C28-48F7-80B7-F1773941CC2A}.Release|Any CPU.Build.0 = Release|Any CPU
		{79CFE1A0-0D24-49DB-89DC-7A27F1E816D7}.Debug|Any CPU.ActiveCfg = Debug|Any CPU
		{79CFE1A0-0D24-49DB-89DC-7A27F1E816D7}.Debug|Any CPU.Build.0 = Debug|Any CPU
		{79CFE1A0-0D24-49DB-89DC-7A27F1E816D7}.Release|Any CPU.ActiveCfg = Release|Any CPU
		{79CFE1A0-0D24-49DB-89DC-7A27F1E816D7}.Release|Any CPU.Build.0 = Release|Any CPU
		{6B1E9E6D-E557-4E84-AE14-482C972963BF}.Debug|Any CPU.ActiveCfg = Debug|Any CPU
		{6B1E9E6D-E557-4E84-AE14-482C972963BF}.Debug|Any CPU.Build.0 = Debug|Any CPU
		{6B1E9E6D-E557-4E84-AE14-482C972963BF}.Release|Any CPU.ActiveCfg = Release|Any CPU
		{6B1E9E6D-E557-4E84-AE14-482C972963BF}.Release|Any CPU.Build.0 = Release|Any CPU
		{D6428EE7-6028-476B-BCAB-A0DF52653B87}.Debug|Any CPU.ActiveCfg = Debug|Any CPU
		{D6428EE7-6028-476B-BCAB-A0DF52653B87}.Debug|Any CPU.Build.0 = Debug|Any CPU
		{D6428EE7-6028-476B-BCAB-A0DF52653B87}.Release|Any CPU.ActiveCfg = Release|Any CPU
		{D6428EE7-6028-476B-BCAB-A0DF52653B87}.Release|Any CPU.Build.0 = Release|Any CPU
	EndGlobalSection
	GlobalSection(SolutionProperties) = preSolution
		HideSolutionNode = FALSE
	EndGlobalSection
	GlobalSection(ExtensibilityGlobals) = postSolution
		SolutionGuid = {BA0ACB44-E533-4988-BAFB-4E249DC684F7}
	EndGlobalSection
EndGlobal
